
Microsoft Visual Studio Solution File, Format Version 12.00
# Visual Studio Version 17
VisualStudioVersion = 17.7.34031.279
MinimumVisualStudioVersion = 10.0.40219.1
Project("{9A19103F-16F7-4668-BE54-9A1E7A4F7556}") = "Calculator", "Calculator\Calculator.csproj", "{5358B5FC-5658-4118-9158-465073A74465}"
EndProject
Project("{9A19103F-16F7-4668-BE54-9A1E7A4F7556}") = "TestCalc", "TestCalc\TestCalc.csproj", "{29CB7206-DB2C-4377-954A-1D6984589D55}"
EndProject
Project("{9A19103F-16F7-4668-BE54-9A1E7A4F7556}") = "CalculatorAutoTests", "CalculatorAutoTests\CalculatorAutoTests.csproj", "{48D7C660-1304-4125-8368-A05936D38967}"
EndProject
Project("{9A19103F-16F7-4668-BE54-9A1E7A4F7556}") = "SeleniumTests", "SeleniumTests\SeleniumTests.csproj", "{611E088E-F87D-486F-AA64-A2A017AFC455}"
EndProject
Project("{FAE04EC0-301F-11D3-BF4B-00C04F79EFBC}") = "SpecFlowProject", "SpecFlowProject\SpecFlowProject.csproj", "{93E621CE-F813-476C-A552-432E52E8FE39}"
EndProject
Global
	GlobalSection(SolutionConfigurationPlatforms) = preSolution
		Debug|Any CPU = Debug|Any CPU
		Release|Any CPU = Release|Any CPU
	EndGlobalSection
	GlobalSection(ProjectConfigurationPlatforms) = postSolution
		{5358B5FC-5658-4118-9158-465073A74465}.Debug|Any CPU.ActiveCfg = Debug|Any CPU
		{5358B5FC-5658-4118-9158-465073A74465}.Debug|Any CPU.Build.0 = Debug|Any CPU
		{5358B5FC-5658-4118-9158-465073A74465}.Release|Any CPU.ActiveCfg = Release|Any CPU
		{5358B5FC-5658-4118-9158-465073A74465}.Release|Any CPU.Build.0 = Release|Any CPU
		{29CB7206-DB2C-4377-954A-1D6984589D55}.Debug|Any CPU.ActiveCfg = Debug|Any CPU
		{29CB7206-DB2C-4377-954A-1D6984589D55}.Debug|Any CPU.Build.0 = Debug|Any CPU
		{29CB7206-DB2C-4377-954A-1D6984589D55}.Release|Any CPU.ActiveCfg = Release|Any CPU
		{29CB7206-DB2C-4377-954A-1D6984589D55}.Release|Any CPU.Build.0 = Release|Any CPU
		{48D7C660-1304-4125-8368-A05936D38967}.Debug|Any CPU.ActiveCfg = Debug|Any CPU
		{48D7C660-1304-4125-8368-A05936D38967}.Debug|Any CPU.Build.0 = Debug|Any CPU
		{48D7C660-1304-4125-8368-A05936D38967}.Release|Any CPU.ActiveCfg = Release|Any CPU
		{48D7C660-1304-4125-8368-A05936D38967}.Release|Any CPU.Build.0 = Release|Any CPU
		{611E088E-F87D-486F-AA64-A2A017AFC455}.Debug|Any CPU.ActiveCfg = Debug|Any CPU
		{611E088E-F87D-486F-AA64-A2A017AFC455}.Debug|Any CPU.Build.0 = Debug|Any CPU
		{611E088E-F87D-486F-AA64-A2A017AFC455}.Release|Any CPU.ActiveCfg = Release|Any CPU
		{611E088E-F87D-486F-AA64-A2A017AFC455}.Release|Any CPU.Build.0 = Release|Any CPU
		{93E621CE-F813-476C-A552-432E52E8FE39}.Debug|Any CPU.ActiveCfg = Debug|Any CPU
		{93E621CE-F813-476C-A552-432E52E8FE39}.Debug|Any CPU.Build.0 = Debug|Any CPU
		{93E621CE-F813-476C-A552-432E52E8FE39}.Release|Any CPU.ActiveCfg = Release|Any CPU
		{93E621CE-F813-476C-A552-432E52E8FE39}.Release|Any CPU.Build.0 = Release|Any CPU
	EndGlobalSection
	GlobalSection(SolutionProperties) = preSolution
		HideSolutionNode = FALSE
	EndGlobalSection
	GlobalSection(ExtensibilityGlobals) = postSolution
		SolutionGuid = {4160552C-E2AC-4357-8392-AEF373161069}
	EndGlobalSection
EndGlobal
